
Microsoft Visual Studio Solution File, Format Version 12.00
# Visual Studio Version 16
VisualStudioVersion = 16.0.29728.190
MinimumVisualStudioVersion = 10.0.40219.1
Project("{FAE04EC0-301F-11D3-BF4B-00C04F79EFBC}") = "Expose.Main", "src\Expose.Main\Expose.Main.csproj", "{4F663ABA-9ADF-4E6B-90A2-9A8E6D115F98}"
EndProject
Project("{FAE04EC0-301F-11D3-BF4B-00C04F79EFBC}") = "Expose.NUnit", "tests\Expose.NUnit\Expose.NUnit.csproj", "{8CE93413-CF50-4A13-94C6-FDC79B3F741B}"
EndProject
Global
	GlobalSection(SolutionConfigurationPlatforms) = preSolution
		Debug|Any CPU = Debug|Any CPU
		Release|Any CPU = Release|Any CPU
	EndGlobalSection
	GlobalSection(ProjectConfigurationPlatforms) = postSolution
		{4F663ABA-9ADF-4E6B-90A2-9A8E6D115F98}.Debug|Any CPU.ActiveCfg = Debug|Any CPU
		{4F663ABA-9ADF-4E6B-90A2-9A8E6D115F98}.Debug|Any CPU.Build.0 = Debug|Any CPU
		{4F663ABA-9ADF-4E6B-90A2-9A8E6D115F98}.Release|Any CPU.ActiveCfg = Release|Any CPU
		{4F663ABA-9ADF-4E6B-90A2-9A8E6D115F98}.Release|Any CPU.Build.0 = Release|Any CPU
		{8CE93413-CF50-4A13-94C6-FDC79B3F741B}.Debug|Any CPU.ActiveCfg = Debug|Any CPU
		{8CE93413-CF50-4A13-94C6-FDC79B3F741B}.Debug|Any CPU.Build.0 = Debug|Any CPU
		{8CE93413-CF50-4A13-94C6-FDC79B3F741B}.Release|Any CPU.ActiveCfg = Release|Any CPU
		{8CE93413-CF50-4A13-94C6-FDC79B3F741B}.Release|Any CPU.Build.0 = Release|Any CPU
	EndGlobalSection
	GlobalSection(SolutionProperties) = preSolution
		HideSolutionNode = FALSE
	EndGlobalSection
	GlobalSection(ExtensibilityGlobals) = postSolution
		SolutionGuid = {AE0B0A83-A29B-4953-A934-EC9773E45DED}
	EndGlobalSection
EndGlobal
